
Microsoft Visual Studio Solution File, Format Version 12.00
# Visual Studio Version 17
VisualStudioVersion = 17.0.31903.59
MinimumVisualStudioVersion = 10.0.40219.1
Project("{FAE04EC0-301F-11D3-BF4B-00C04F79EFBC}") = "Domain", "Domain\Domain.csproj", "{C07D7FD0-0E76-4631-9034-54C3E7611C49}"
EndProject
Project("{FAE04EC0-301F-11D3-BF4B-00C04F79EFBC}") = "Infastructure", "Infastructure\Infastructure.csproj", "{C7A7583C-7E04-4040-AFBE-78980DAC9D9E}"
EndProject
Project("{FAE04EC0-301F-11D3-BF4B-00C04F79EFBC}") = "WebApplication", "WebApplication\WebApplication.csproj", "{FCCCB402-2217-4E6C-BC7B-D49297DD6B4F}"
EndProject
Global
	GlobalSection(SolutionConfigurationPlatforms) = preSolution
		Debug|Any CPU = Debug|Any CPU
		Debug|x64 = Debug|x64
		Debug|x86 = Debug|x86
		Release|Any CPU = Release|Any CPU
		Release|x64 = Release|x64
		Release|x86 = Release|x86
	EndGlobalSection
	GlobalSection(ProjectConfigurationPlatforms) = postSolution
		{C07D7FD0-0E76-4631-9034-54C3E7611C49}.Debug|Any CPU.ActiveCfg = Debug|Any CPU
		{C07D7FD0-0E76-4631-9034-54C3E7611C49}.Debug|Any CPU.Build.0 = Debug|Any CPU
		{C07D7FD0-0E76-4631-9034-54C3E7611C49}.Debug|x64.ActiveCfg = Debug|Any CPU
		{C07D7FD0-0E76-4631-9034-54C3E7611C49}.Debug|x64.Build.0 = Debug|Any CPU
		{C07D7FD0-0E76-4631-9034-54C3E7611C49}.Debug|x86.ActiveCfg = Debug|Any CPU
		{C07D7FD0-0E76-4631-9034-54C3E7611C49}.Debug|x86.Build.0 = Debug|Any CPU
		{C07D7FD0-0E76-4631-9034-54C3E7611C49}.Release|Any CPU.ActiveCfg = Release|Any CPU
		{C07D7FD0-0E76-4631-9034-54C3E7611C49}.Release|Any CPU.Build.0 = Release|Any CPU
		{C07D7FD0-0E76-4631-9034-54C3E7611C49}.Release|x64.ActiveCfg = Release|Any CPU
		{C07D7FD0-0E76-4631-9034-54C3E7611C49}.Release|x64.Build.0 = Release|Any CPU
		{C07D7FD0-0E76-4631-9034-54C3E7611C49}.Release|x86.ActiveCfg = Release|Any CPU
		{C07D7FD0-0E76-4631-9034-54C3E7611C49}.Release|x86.Build.0 = Release|Any CPU
		{C7A7583C-7E04-4040-AFBE-78980DAC9D9E}.Debug|Any CPU.ActiveCfg = Debug|Any CPU
		{C7A7583C-7E04-4040-AFBE-78980DAC9D9E}.Debug|Any CPU.Build.0 = Debug|Any CPU
		{C7A7583C-7E04-4040-AFBE-78980DAC9D9E}.Debug|x64.ActiveCfg = Debug|Any CPU
		{C7A7583C-7E04-4040-AFBE-78980DAC9D9E}.Debug|x64.Build.0 = Debug|Any CPU
		{C7A7583C-7E04-4040-AFBE-78980DAC9D9E}.Debug|x86.ActiveCfg = Debug|Any CPU
		{C7A7583C-7E04-4040-AFBE-78980DAC9D9E}.Debug|x86.Build.0 = Debug|Any CPU
		{C7A7583C-7E04-4040-AFBE-78980DAC9D9E}.Release|Any CPU.ActiveCfg = Release|Any CPU
		{C7A7583C-7E04-4040-AFBE-78980DAC9D9E}.Release|Any CPU.Build.0 = Release|Any CPU
		{C7A7583C-7E04-4040-AFBE-78980DAC9D9E}.Release|x64.ActiveCfg = Release|Any CPU
		{C7A7583C-7E04-4040-AFBE-78980DAC9D9E}.Release|x64.Build.0 = Release|Any CPU
		{C7A7583C-7E04-4040-AFBE-78980DAC9D9E}.Release|x86.ActiveCfg = Release|Any CPU
		{C7A7583C-7E04-4040-AFBE-78980DAC9D9E}.Release|x86.Build.0 = Release|Any CPU
		{FCCCB402-2217-4E6C-BC7B-D49297DD6B4F}.Debug|Any CPU.ActiveCfg = Debug|Any CPU
		{FCCCB402-2217-4E6C-BC7B-D49297DD6B4F}.Debug|Any CPU.Build.0 = Debug|Any CPU
		{FCCCB402-2217-4E6C-BC7B-D49297DD6B4F}.Debug|x64.ActiveCfg = Debug|Any CPU
		{FCCCB402-2217-4E6C-BC7B-D49297DD6B4F}.Debug|x64.Build.0 = Debug|Any CPU
		{FCCCB402-2217-4E6C-BC7B-D49297DD6B4F}.Debug|x86.ActiveCfg = Debug|Any CPU
		{FCCCB402-2217-4E6C-BC7B-D49297DD6B4F}.Debug|x86.Build.0 = Debug|Any CPU
		{FCCCB402-2217-4E6C-BC7B-D49297DD6B4F}.Release|Any CPU.ActiveCfg = Release|Any CPU
		{FCCCB402-2217-4E6C-BC7B-D49297DD6B4F}.Release|Any CPU.Build.0 = Release|Any CPU
		{FCCCB402-2217-4E6C-BC7B-D49297DD6B4F}.Release|x64.ActiveCfg = Release|Any CPU
		{FCCCB402-2217-4E6C-BC7B-D49297DD6B4F}.Release|x64.Build.0 = Release|Any CPU
		{FCCCB402-2217-4E6C-BC7B-D49297DD6B4F}.Release|x86.ActiveCfg = Release|Any CPU
		{FCCCB402-2217-4E6C-BC7B-D49297DD6B4F}.Release|x86.Build.0 = Release|Any CPU
	EndGlobalSection
	GlobalSection(SolutionProperties) = preSolution
		HideSolutionNode = FALSE
	EndGlobalSection
EndGlobal
